
Microsoft Visual Studio Solution File, Format Version 12.00
# Visual Studio Version 17
VisualStudioVersion = 17.14.36518.9 d17.14
MinimumVisualStudioVersion = 10.0.40219.1
Project("{FAE04EC0-301F-11D3-BF4B-00C04F79EFBC}") = "TPFinalNivel3BuccieroMiguel", "TPFinalNivel3BuccieroMiguel\TPFinalNivel3BuccieroMiguel.csproj", "{2FECB740-BE96-4C84-BC6C-644290875942}"
EndProject
Project("{FAE04EC0-301F-11D3-BF4B-00C04F79EFBC}") = "dominio", "dominio\dominio.csproj", "{1710DB59-8D36-449E-85DC-D0E37D08A6B9}"
EndProject
Project("{FAE04EC0-301F-11D3-BF4B-00C04F79EFBC}") = "negocio", "negocio\negocio.csproj", "{087FB677-4B08-4C5F-99C2-CDAA866789DB}"
EndProject
Global
	GlobalSection(SolutionConfigurationPlatforms) = preSolution
		Debug|Any CPU = Debug|Any CPU
		Release|Any CPU = Release|Any CPU
	EndGlobalSection
	GlobalSection(ProjectConfigurationPlatforms) = postSolution
		{2FECB740-BE96-4C84-BC6C-644290875942}.Debug|Any CPU.ActiveCfg = Debug|Any CPU
		{2FECB740-BE96-4C84-BC6C-644290875942}.Debug|Any CPU.Build.0 = Debug|Any CPU
		{2FECB740-BE96-4C84-BC6C-644290875942}.Release|Any CPU.ActiveCfg = Release|Any CPU
		{2FECB740-BE96-4C84-BC6C-644290875942}.Release|Any CPU.Build.0 = Release|Any CPU
		{1710DB59-8D36-449E-85DC-D0E37D08A6B9}.Debug|Any CPU.ActiveCfg = Debug|Any CPU
		{1710DB59-8D36-449E-85DC-D0E37D08A6B9}.Debug|Any CPU.Build.0 = Debug|Any CPU
		{1710DB59-8D36-449E-85DC-D0E37D08A6B9}.Release|Any CPU.ActiveCfg = Release|Any CPU
		{1710DB59-8D36-449E-85DC-D0E37D08A6B9}.Release|Any CPU.Build.0 = Release|Any CPU
		{087FB677-4B08-4C5F-99C2-CDAA866789DB}.Debug|Any CPU.ActiveCfg = Debug|Any CPU
		{087FB677-4B08-4C5F-99C2-CDAA866789DB}.Debug|Any CPU.Build.0 = Debug|Any CPU
		{087FB677-4B08-4C5F-99C2-CDAA866789DB}.Release|Any CPU.ActiveCfg = Release|Any CPU
		{087FB677-4B08-4C5F-99C2-CDAA866789DB}.Release|Any CPU.Build.0 = Release|Any CPU
	EndGlobalSection
	GlobalSection(SolutionProperties) = preSolution
		HideSolutionNode = FALSE
	EndGlobalSection
	GlobalSection(ExtensibilityGlobals) = postSolution
		SolutionGuid = {40B04D5A-4E14-4FBB-BE47-38353F49F8C2}
	EndGlobalSection
EndGlobal
